
Microsoft Visual Studio Solution File, Format Version 12.00
# Visual Studio 2015
Project("{FAE04EC0-301F-11D3-BF4B-00C04F79EFBC}") = "UnityVS.pacman.CSharp", "UnityVS.pacman.CSharp.csproj", "{13F04942-3CB2-2532-8F80-240E3F3FD1AF}"
EndProject
Global
	GlobalSection(SolutionConfigurationPlatforms) = preSolution
		Debug|Any CPU = Debug|Any CPU
		Release|Any CPU = Release|Any CPU
	EndGlobalSection
	GlobalSection(ProjectConfigurationPlatforms) = postSolution
		{13F04942-3CB2-2532-8F80-240E3F3FD1AF}.Debug|Any CPU.ActiveCfg = Debug|Any CPU
		{13F04942-3CB2-2532-8F80-240E3F3FD1AF}.Debug|Any CPU.Build.0 = Debug|Any CPU
		{13F04942-3CB2-2532-8F80-240E3F3FD1AF}.Release|Any CPU.ActiveCfg = Release|Any CPU
		{13F04942-3CB2-2532-8F80-240E3F3FD1AF}.Release|Any CPU.Build.0 = Release|Any CPU
	EndGlobalSection
	GlobalSection(SolutionProperties) = preSolution
		HideSolutionNode = FALSE
	EndGlobalSection
EndGlobal
